// !$*UTF8*$!
{
	archiveVersion = 1;
	classes = {
	};
	objectVersion = 46;
	objects = {

/* Begin PBXBuildFile section */
		84C355F41ED8B1F8005FC1D0 /* AppDelegate.swift in Sources */ = {isa = PBXBuildFile; fileRef = 84C355F31ED8B1F8005FC1D0 /* AppDelegate.swift */; };
		84C355F71ED8B1F8005FC1D0 /* iShop.xcdatamodeld in Sources */ = {isa = PBXBuildFile; fileRef = 84C355F51ED8B1F8005FC1D0 /* iShop.xcdatamodeld */; };
		84C355F91ED8B1F8005FC1D0 /* ViewController.swift in Sources */ = {isa = PBXBuildFile; fileRef = 84C355F81ED8B1F8005FC1D0 /* ViewController.swift */; };
		84C355FC1ED8B1F8005FC1D0 /* Main.storyboard in Resources */ = {isa = PBXBuildFile; fileRef = 84C355FA1ED8B1F8005FC1D0 /* Main.storyboard */; };
		84C355FE1ED8B1F8005FC1D0 /* Images.xcassets in Resources */ = {isa = PBXBuildFile; fileRef = 84C355FD1ED8B1F8005FC1D0 /* Images.xcassets */; };
		84C356011ED8B1F8005FC1D0 /* LaunchScreen.xib in Resources */ = {isa = PBXBuildFile; fileRef = 84C355FF1ED8B1F8005FC1D0 /* LaunchScreen.xib */; };
		84C3560D1ED8B1F8005FC1D0 /* iShopTests.swift in Sources */ = {isa = PBXBuildFile; fileRef = 84C3560C1ED8B1F8005FC1D0 /* iShopTests.swift */; };
		84EEBFD71ED9125300A36723 /* iPlist.plist in Resources */ = {isa = PBXBuildFile; fileRef = 84EEBFD61ED9125300A36723 /* iPlist.plist */; };
/* End PBXBuildFile section */

/* Begin PBXContainerItemProxy section */
		84C356071ED8B1F8005FC1D0 /* PBXContainerItemProxy */ = {
			isa = PBXContainerItemProxy;
			containerPortal = 84C355E61ED8B1F8005FC1D0 /* Project object */;
			proxyType = 1;
			remoteGlobalIDString = 84C355ED1ED8B1F8005FC1D0;
			remoteInfo = iShop;
		};
/* End PBXContainerItemProxy section */

/* Begin PBXFileReference section */
		84C355EE1ED8B1F8005FC1D0 /* iShop.app */ = {isa = PBXFileReference; explicitFileType = wrapper.application; includeInIndex = 0; path = iShop.app; sourceTree = BUILT_PRODUCTS_DIR; };
		84C355F21ED8B1F8005FC1D0 /* Info.plist */ = {isa = PBXFileReference; lastKnownFileType = text.plist.xml; path = Info.plist; sourceTree = "<group>"; };
		84C355F31ED8B1F8005FC1D0 /* AppDelegate.swift */ = {isa = PBXFileReference; lastKnownFileType = sourcecode.swift; path = AppDelegate.swift; sourceTree = "<group>"; };
		84C355F61ED8B1F8005FC1D0 /* iShop.xcdatamodel */ = {isa = PBXFileReference; lastKnownFileType = wrapper.xcdatamodel; path = iShop.xcdatamodel; sourceTree = "<group>"; };
		84C355F81ED8B1F8005FC1D0 /* ViewController.swift */ = {isa = PBXFileReference; lastKnownFileType = sourcecode.swift; path = ViewController.swift; sourceTree = "<group>"; };
		84C355FB1ED8B1F8005FC1D0 /* Base */ = {isa = PBXFileReference; lastKnownFileType = file.storyboard; name = Base; path = Base.lproj/Main.storyboard; sourceTree = "<group>"; };
		84C355FD1ED8B1F8005FC1D0 /* Images.xcassets */ = {isa = PBXFileReference; lastKnownFileType = folder.assetcatalog; path = Images.xcassets; sourceTree = "<group>"; };
		84C356001ED8B1F8005FC1D0 /* Base */ = {isa = PBXFileReference; lastKnownFileType = file.xib; name = Base; path = Base.lproj/LaunchScreen.xib; sourceTree = "<group>"; };
		84C356061ED8B1F8005FC1D0 /* iShopTests.xctest */ = {isa = PBXFileReference; explicitFileType = wrapper.cfbundle; includeInIndex = 0; path = iShopTests.xctest; sourceTree = BUILT_PRODUCTS_DIR; };
		84C3560B1ED8B1F8005FC1D0 /* Info.plist */ = {isa = PBXFileReference; lastKnownFileType = text.plist.xml; path = Info.plist; sourceTree = "<group>"; };
		84C3560C1ED8B1F8005FC1D0 /* iShopTests.swift */ = {isa = PBXFileReference; lastKnownFileType = sourcecode.swift; path = iShopTests.swift; sourceTree = "<group>"; };
		84EEBFD61ED9125300A36723 /* iPlist.plist */ = {isa = PBXFileReference; fileEncoding = 4; lastKnownFileType = text.plist.xml; path = iPlist.plist; sourceTree = "<group>"; };
/* End PBXFileReference section */

/* Begin PBXFrameworksBuildPhase section */
		84C355EB1ED8B1F8005FC1D0 /* Frameworks */ = {
			isa = PBXFrameworksBuildPhase;
			buildActionMask = 2147483647;
			files = (
			);
			runOnlyForDeploymentPostprocessing = 0;
		};
		84C356031ED8B1F8005FC1D0 /* Frameworks */ = {
			isa = PBXFrameworksBuildPhase;
			buildActionMask = 2147483647;
			files = (
			);
			runOnlyForDeploymentPostprocessing = 0;
		};
/* End PBXFrameworksBuildPhase section */

/* Begin PBXGroup section */
		84C355E51ED8B1F8005FC1D0 = {
			isa = PBXGroup;
			children = (
				84C355F01ED8B1F8005FC1D0 /* iShop */,
				84C356091ED8B1F8005FC1D0 /* iShopTests */,
				84C355EF1ED8B1F8005FC1D0 /* Products */,
			);
			sourceTree = "<group>";
		};
		84C355EF1ED8B1F8005FC1D0 /* Products */ = {
			isa = PBXGroup;
			children = (
				84C355EE1ED8B1F8005FC1D0 /* iShop.app */,
				84C356061ED8B1F8005FC1D0 /* iShopTests.xctest */,
			);
			name = Products;
			sourceTree = "<group>";
		};
		84C355F01ED8B1F8005FC1D0 /* iShop */ = {
			isa = PBXGroup;
			children = (
				84EEBFD61ED9125300A36723 /* iPlist.plist */,
				84C355F31ED8B1F8005FC1D0 /* AppDelegate.swift */,
				84C355F81ED8B1F8005FC1D0 /* ViewController.swift */,
				84C355FA1ED8B1F8005FC1D0 /* Main.storyboard */,
				84C355FD1ED8B1F8005FC1D0 /* Images.xcassets */,
				84C355FF1ED8B1F8005FC1D0 /* LaunchScreen.xib */,
				84C355F51ED8B1F8005FC1D0 /* iShop.xcdatamodeld */,
				84C355F11ED8B1F8005FC1D0 /* Supporting Files */,
			);
			path = iShop;
			sourceTree = "<group>";
		};
		84C355F11ED8B1F8005FC1D0 /* Supporting Files */ = {
			isa = PBXGroup;
			children = (
				84C355F21ED8B1F8005FC1D0 /* Info.plist */,
			);
			name = "Supporting Files";
			sourceTree = "<group>";
		};
		84C356091ED8B1F8005FC1D0 /* iShopTests */ = {
			isa = PBXGroup;
			children = (
				84C3560C1ED8B1F8005FC1D0 /* iShopTests.swift */,
				84C3560A1ED8B1F8005FC1D0 /* Supporting Files */,
			);
			path = iShopTests;
			sourceTree = "<group>";
		};
		84C3560A1ED8B1F8005FC1D0 /* Supporting Files */ = {
			isa = PBXGroup;
			children = (
				84C3560B1ED8B1F8005FC1D0 /* Info.plist */,
			);
			name = "Supporting Files";
			sourceTree = "<group>";
		};
/* End PBXGroup section */

/* Begin PBXNativeTarget section */
		84C355ED1ED8B1F8005FC1D0 /* iShop */ = {
			isa = PBXNativeTarget;
			buildConfigurationList = 84C356101ED8B1F8005FC1D0 /* Build configuration list for PBXNativeTarget "iShop" */;
			buildPhases = (
				84C355EA1ED8B1F8005FC1D0 /* Sources */,
				84C355EB1ED8B1F8005FC1D0 /* Frameworks */,
				84C355EC1ED8B1F8005FC1D0 /* Resources */,
			);
			buildRules = (
			);
			dependencies = (
			);
			name = iShop;
			productName = iShop;
			productReference = 84C355EE1ED8B1F8005FC1D0 /* iShop.app */;
			productType = "com.apple.product-type.application";
		};
		84C356051ED8B1F8005FC1D0 /* iShopTests */ = {
			isa = PBXNativeTarget;
			buildConfigurationList = 84C356131ED8B1F8005FC1D0 /* Build configuration list for PBXNativeTarget "iShopTests" */;
			buildPhases = (
				84C356021ED8B1F8005FC1D0 /* Sources */,
				84C356031ED8B1F8005FC1D0 /* Frameworks */,
				84C356041ED8B1F8005FC1D0 /* Resources */,
			);
			buildRules = (
			);
			dependencies = (
				84C356081ED8B1F8005FC1D0 /* PBXTargetDependency */,
			);
			name = iShopTests;
			productName = iShopTests;
			productReference = 84C356061ED8B1F8005FC1D0 /* iShopTests.xctest */;
			productType = "com.apple.product-type.bundle.unit-test";
		};
/* End PBXNativeTarget section */

/* Begin PBXProject section */
		84C355E61ED8B1F8005FC1D0 /* Project object */ = {
			isa = PBXProject;
			attributes = {
				LastUpgradeCheck = 0620;
				ORGANIZATIONNAME = Egor;
				TargetAttributes = {
					84C355ED1ED8B1F8005FC1D0 = {
						CreatedOnToolsVersion = 6.2;
					};
					84C356051ED8B1F8005FC1D0 = {
						CreatedOnToolsVersion = 6.2;
						TestTargetID = 84C355ED1ED8B1F8005FC1D0;
					};
				};
			};
			buildConfigurationList = 84C355E91ED8B1F8005FC1D0 /* Build configuration list for PBXProject "iShop" */;
			compatibilityVersion = "Xcode 3.2";
			developmentRegion = English;
			hasScannedForEncodings = 0;
			knownRegions = (
				en,
				Base,
			);
			mainGroup = 84C355E51ED8B1F8005FC1D0;
			productRefGroup = 84C355EF1ED8B1F8005FC1D0 /* Products */;
			projectDirPath = "";
			projectRoot = "";
			targets = (
				84C355ED1ED8B1F8005FC1D0 /* iShop */,
				84C356051ED8B1F8005FC1D0 /* iShopTests */,
			);
		};
/* End PBXProject section */

/* Begin PBXResourcesBuildPhase section */
		84C355EC1ED8B1F8005FC1D0 /* Resources */ = {
			isa = PBXResourcesBuildPhase;
			buildActionMask = 2147483647;
			files = (
				84C355FC1ED8B1F8005FC1D0 /* Main.storyboard in Resources */,
				84C356011ED8B1F8005FC1D0 /* LaunchScreen.xib in Resources */,
				84C355FE1ED8B1F8005FC1D0 /* Images.xcassets in Resources */,
				84EEBFD71ED9125300A36723 /* iPlist.plist in Resources */,
			);
			runOnlyForDeploymentPostprocessing = 0;
		};
		84C356041ED8B1F8005FC1D0 /* Resources */ = {
			isa = PBXResourcesBuildPhase;
			buildActionMask = 2147483647;
			files = (
			);
			runOnlyForDeploymentPostprocessing = 0;
		};
/* End PBXResourcesBuildPhase section */

/* Begin PBXSourcesBuildPhase section */
		84C355EA1ED8B1F8005FC1D0 /* Sources */ = {
			isa = PBXSourcesBuildPhase;
			buildActionMask = 2147483647;
			files = (
				84C355F91ED8B1F8005FC1D0 /* ViewController.swift in Sources */,
				84C355F41ED8B1F8005FC1D0 /* AppDelegate.swift in Sources */,
				84C355F71ED8B1F8005FC1D0 /* iShop.xcdatamodeld in Sources */,
			);
			runOnlyForDeploymentPostprocessing = 0;
		};
		84C356021ED8B1F8005FC1D0 /* Sources */ = {
			isa = PBXSourcesBuildPhase;
			buildActionMask = 2147483647;
			files = (
				84C3560D1ED8B1F8005FC1D0 /* iShopTests.swift in Sources */,
			);
			runOnlyForDeploymentPostprocessing = 0;
		};
/* End PBXSourcesBuildPhase section */

/* Begin PBXTargetDependency section */
		84C356081ED8B1F8005FC1D0 /* PBXTargetDependency */ = {
			isa = PBXTargetDependency;
			target = 84C355ED1ED8B1F8005FC1D0 /* iShop */;
			targetProxy = 84C356071ED8B1F8005FC1D0 /* PBXContainerItemProxy */;
		};
/* End PBXTargetDependency section */

/* Begin PBXVariantGroup section */
		84C355FA1ED8B1F8005FC1D0 /* Main.storyboard */ = {
			isa = PBXVariantGroup;
			children = (
				84C355FB1ED8B1F8005FC1D0 /* Base */,
			);
			name = Main.storyboard;
			sourceTree = "<group>";
		};
		84C355FF1ED8B1F8005FC1D0 /* LaunchScreen.xib */ = {
			isa = PBXVariantGroup;
			children = (
				84C356001ED8B1F8005FC1D0 /* Base */,
			);
			name = LaunchScreen.xib;
			sourceTree = "<group>";
		};
/* End PBXVariantGroup section */

/* Begin XCBuildConfiguration section */
		84C3560E1ED8B1F8005FC1D0 /* Debug */ = {
			isa = XCBuildConfiguration;
			buildSettings = {
				ALWAYS_SEARCH_USER_PATHS = NO;
				CLANG_CXX_LANGUAGE_STANDARD = "gnu++0x";
				CLANG_CXX_LIBRARY = "libc++";
				CLANG_ENABLE_MODULES = YES;
				CLANG_ENABLE_OBJC_ARC = YES;
				CLANG_WARN_BOOL_CONVERSION = YES;
				CLANG_WARN_CONSTANT_CONVERSION = YES;
				CLANG_WARN_DIRECT_OBJC_ISA_USAGE = YES_ERROR;
				CLANG_WARN_EMPTY_BODY = YES;
				CLANG_WARN_ENUM_CONVERSION = YES;
				CLANG_WARN_INT_CONVERSION = YES;
				CLANG_WARN_OBJC_ROOT_CLASS = YES_ERROR;
				CLANG_WARN_UNREACHABLE_CODE = YES;
				CLANG_WARN__DUPLICATE_METHOD_MATCH = YES;
				"CODE_SIGN_IDENTITY[sdk=iphoneos*]" = "iPhone Developer";
				COPY_PHASE_STRIP = NO;
				ENABLE_STRICT_OBJC_MSGSEND = YES;
				GCC_C_LANGUAGE_STANDARD = gnu99;
				GCC_DYNAMIC_NO_PIC = NO;
				GCC_OPTIMIZATION_LEVEL = 0;
				GCC_PREPROCESSOR_DEFINITIONS = (
					"DEBUG=1",
					"$(inherited)",
				);
				GCC_SYMBOLS_PRIVATE_EXTERN = NO;
				GCC_WARN_64_TO_32_BIT_CONVERSION = YES;
				GCC_WARN_ABOUT_RETURN_TYPE = YES_ERROR;
				GCC_WARN_UNDECLARED_SELECTOR = YES;
				GCC_WARN_UNINITIALIZED_AUTOS = YES_AGGRESSIVE;
				GCC_WARN_UNUSED_FUNCTION = YES;
				GCC_WARN_UNUSED_VARIABLE = YES;
				IPHONEOS_DEPLOYMENT_TARGET = 8.2;
				MTL_ENABLE_DEBUG_INFO = YES;
				ONLY_ACTIVE_ARCH = YES;
				SDKROOT = iphoneos;
				SWIFT_OPTIMIZATION_LEVEL = "-Onone";
			};
			name = Debug;
		};
		84C3560F1ED8B1F8005FC1D0 /* Release */ = {
			isa = XCBuildConfiguration;
			buildSettings = {
				ALWAYS_SEARCH_USER_PATHS = NO;
				CLANG_CXX_LANGUAGE_STANDARD = "gnu++0x";
				CLANG_CXX_LIBRARY = "libc++";
				CLANG_ENABLE_MODULES = YES;
				CLANG_ENABLE_OBJC_ARC = YES;
				CLANG_WARN_BOOL_CONVERSION = YES;
				CLANG_WARN_CONSTANT_CONVERSION = YES;
				CLANG_WARN_DIRECT_OBJC_ISA_USAGE = YES_ERROR;
				CLANG_WARN_EMPTY_BODY = YES;
				CLANG_WARN_ENUM_CONVERSION = YES;
				CLANG_WARN_INT_CONVERSION = YES;
				CLANG_WARN_OBJC_ROOT_CLASS = YES_ERROR;
				CLANG_WARN_UNREACHABLE_CODE = YES;
				CLANG_WARN__DUPLICATE_METHOD_MATCH = YES;
				"CODE_SIGN_IDENTITY[sdk=iphoneos*]" = "iPhone Developer";
				COPY_PHASE_STRIP = NO;
				ENABLE_NS_ASSERTIONS = NO;
				ENABLE_STRICT_OBJC_MSGSEND = YES;
				GCC_C_LANGUAGE_STANDARD = gnu99;
				GCC_WARN_64_TO_32_BIT_CONVERSION = YES;
				GCC_WARN_ABOUT_RETURN_TYPE = YES_ERROR;
				GCC_WARN_UNDECLARED_SELECTOR = YES;
				GCC_WARN_UNINITIALIZED_AUTOS = YES_AGGRESSIVE;
				GCC_WARN_UNUSED_FUNCTION = YES;
				GCC_WARN_UNUSED_VARIABLE = YES;
				IPHONEOS_DEPLOYMENT_TARGET = 8.2;
				MTL_ENABLE_DEBUG_INFO = NO;
				SDKROOT = iphoneos;
				VALIDATE_PRODUCT = YES;
			};
			name = Release;
		};
		84C356111ED8B1F8005FC1D0 /* Debug */ = {
			isa = XCBuildConfiguration;
			buildSettings = {
				ASSETCATALOG_COMPILER_APPICON_NAME = AppIcon;
				INFOPLIST_FILE = iShop/Info.plist;
				LD_RUNPATH_SEARCH_PATHS = "$(inherited) @executable_path/Frameworks";
				PRODUCT_NAME = "$(TARGET_NAME)";
			};
			name = Debug;
		};
		84C356121ED8B1F8005FC1D0 /* Release */ = {
			isa = XCBuildConfiguration;
			buildSettings = {
				ASSETCATALOG_COMPILER_APPICON_NAME = AppIcon;
				INFOPLIST_FILE = iShop/Info.plist;
				LD_RUNPATH_SEARCH_PATHS = "$(inherited) @executable_path/Frameworks";
				PRODUCT_NAME = "$(TARGET_NAME)";
			};
			name = Release;
		};
		84C356141ED8B1F8005FC1D0 /* Debug */ = {
			isa = XCBuildConfiguration;
			buildSettings = {
				BUNDLE_LOADER = "$(TEST_HOST)";
				FRAMEWORK_SEARCH_PATHS = (
					"$(SDKROOT)/Developer/Library/Frameworks",
					"$(inherited)",
				);
				GCC_PREPROCESSOR_DEFINITIONS = (
					"DEBUG=1",
					"$(inherited)",
				);
				INFOPLIST_FILE = iShopTests/Info.plist;
				LD_RUNPATH_SEARCH_PATHS = "$(inherited) @executable_path/Frameworks @loader_path/Frameworks";
				PRODUCT_NAME = "$(TARGET_NAME)";
				TEST_HOST = "$(BUILT_PRODUCTS_DIR)/iShop.app/iShop";
			};
			name = Debug;
		};
		84C356151ED8B1F8005FC1D0 /* Release */ = {
			isa = XCBuildConfiguration;
			buildSettings = {
				BUNDLE_LOADER = "$(TEST_HOST)";
				FRAMEWORK_SEARCH_PATHS = (
					"$(SDKROOT)/Developer/Library/Frameworks",
					"$(inherited)",
				);
				INFOPLIST_FILE = iShopTests/Info.plist;
				LD_RUNPATH_SEARCH_PATHS = "$(inherited) @executable_path/Frameworks @loader_path/Frameworks";
				PRODUCT_NAME = "$(TARGET_NAME)";
				TEST_HOST = "$(BUILT_PRODUCTS_DIR)/iShop.app/iShop";
			};
			name = Release;
		};
/* End XCBuildConfiguration section */

/* Begin XCConfigurationList section */
		84C355E91ED8B1F8005FC1D0 /* Build configuration list for PBXProject "iShop" */ = {
			isa = XCConfigurationList;
			buildConfigurations = (
				84C3560E1ED8B1F8005FC1D0 /* Debug */,
				84C3560F1ED8B1F8005FC1D0 /* Release */,
			);
			defaultConfigurationIsVisible = 0;
			defaultConfigurationName = Release;
		};
		84C356101ED8B1F8005FC1D0 /* Build configuration list for PBXNativeTarget "iShop" */ = {
			isa = XCConfigurationList;
			buildConfigurations = (
				84C356111ED8B1F8005FC1D0 /* Debug */,
				84C356121ED8B1F8005FC1D0 /* Release */,
			);
			defaultConfigurationIsVisible = 0;
			defaultConfigurationName = Release;
		};
		84C356131ED8B1F8005FC1D0 /* Build configuration list for PBXNativeTarget "iShopTests" */ = {
			isa = XCConfigurationList;
			buildConfigurations = (
				84C356141ED8B1F8005FC1D0 /* Debug */,
				84C356151ED8B1F8005FC1D0 /* Release */,
			);
			defaultConfigurationIsVisible = 0;
			defaultConfigurationName = Release;
		};
/* End XCConfigurationList section */

/* Begin XCVersionGroup section */
		84C355F51ED8B1F8005FC1D0 /* iShop.xcdatamodeld */ = {
			isa = XCVersionGroup;
			children = (
				84C355F61ED8B1F8005FC1D0 /* iShop.xcdatamodel */,
			);
			currentVersion = 84C355F61ED8B1F8005FC1D0 /* iShop.xcdatamodel */;
			path = iShop.xcdatamodeld;
			sourceTree = "<group>";
			versionGroupType = wrapper.xcdatamodel;
		};
/* End XCVersionGroup section */
	};
	rootObject = 84C355E61ED8B1F8005FC1D0 /* Project object */;
}
